
Microsoft Visual Studio Solution File, Format Version 12.00
# Visual Studio Version 16
VisualStudioVersion = 16.0.31205.134
MinimumVisualStudioVersion = 10.0.40219.1
Project("{FAE04EC0-301F-11D3-BF4B-00C04F79EFBC}") = "HW4_1", "HW4_1\HW4_1.csproj", "{6FF1F2A8-9BEC-4959-B6FA-417A24D4A2E6}"
EndProject
Project("{FAE04EC0-301F-11D3-BF4B-00C04F79EFBC}") = "HW4_2", "HW4_2\HW4_2.csproj", "{15119B7D-15CB-46AB-B1F7-76DE4CC3EAD2}"
EndProject
Project("{FAE04EC0-301F-11D3-BF4B-00C04F79EFBC}") = "HW4_3", "HW4_3\HW4_3.csproj", "{67D250EF-02BB-49E1-9EB9-5719D0690CAC}"
EndProject
Global
	GlobalSection(SolutionConfigurationPlatforms) = preSolution
		Debug|Any CPU = Debug|Any CPU
		Release|Any CPU = Release|Any CPU
	EndGlobalSection
	GlobalSection(ProjectConfigurationPlatforms) = postSolution
		{6FF1F2A8-9BEC-4959-B6FA-417A24D4A2E6}.Debug|Any CPU.ActiveCfg = Debug|Any CPU
		{6FF1F2A8-9BEC-4959-B6FA-417A24D4A2E6}.Debug|Any CPU.Build.0 = Debug|Any CPU
		{6FF1F2A8-9BEC-4959-B6FA-417A24D4A2E6}.Release|Any CPU.ActiveCfg = Release|Any CPU
		{6FF1F2A8-9BEC-4959-B6FA-417A24D4A2E6}.Release|Any CPU.Build.0 = Release|Any CPU
		{15119B7D-15CB-46AB-B1F7-76DE4CC3EAD2}.Debug|Any CPU.ActiveCfg = Debug|Any CPU
		{15119B7D-15CB-46AB-B1F7-76DE4CC3EAD2}.Debug|Any CPU.Build.0 = Debug|Any CPU
		{15119B7D-15CB-46AB-B1F7-76DE4CC3EAD2}.Release|Any CPU.ActiveCfg = Release|Any CPU
		{15119B7D-15CB-46AB-B1F7-76DE4CC3EAD2}.Release|Any CPU.Build.0 = Release|Any CPU
		{67D250EF-02BB-49E1-9EB9-5719D0690CAC}.Debug|Any CPU.ActiveCfg = Debug|Any CPU
		{67D250EF-02BB-49E1-9EB9-5719D0690CAC}.Debug|Any CPU.Build.0 = Debug|Any CPU
		{67D250EF-02BB-49E1-9EB9-5719D0690CAC}.Release|Any CPU.ActiveCfg = Release|Any CPU
		{67D250EF-02BB-49E1-9EB9-5719D0690CAC}.Release|Any CPU.Build.0 = Release|Any CPU
	EndGlobalSection
	GlobalSection(SolutionProperties) = preSolution
		HideSolutionNode = FALSE
	EndGlobalSection
	GlobalSection(ExtensibilityGlobals) = postSolution
		SolutionGuid = {0FCFEFF8-0FB0-4604-A31A-58B471D1DE11}
	EndGlobalSection
EndGlobal
